
Microsoft Visual Studio Solution File, Format Version 12.00
# Visual Studio 2012
Project("{8BC9CEB8-8B4A-11D0-8D11-00A0C91BC942}") = "win32", "win32\win32.vcxproj", "{B6A1A03A-9442-4DED-B23E-A1E8517D3803}"
EndProject
Global
	GlobalSection(SolutionConfigurationPlatforms) = preSolution
		Debug|Win32 = Debug|Win32
		Release|Win32 = Release|Win32
	EndGlobalSection
	GlobalSection(ProjectConfigurationPlatforms) = postSolution
		{B6A1A03A-9442-4DED-B23E-A1E8517D3803}.Debug|Win32.ActiveCfg = Debug|Win32
		{B6A1A03A-9442-4DED-B23E-A1E8517D3803}.Debug|Win32.Build.0 = Debug|Win32
		{B6A1A03A-9442-4DED-B23E-A1E8517D3803}.Release|Win32.ActiveCfg = Release|Win32
		{B6A1A03A-9442-4DED-B23E-A1E8517D3803}.Release|Win32.Build.0 = Release|Win32
	EndGlobalSection
	GlobalSection(SolutionProperties) = preSolution
		HideSolutionNode = FALSE
	EndGlobalSection
EndGlobal
